
Microsoft Visual Studio Solution File, Format Version 12.00
# Visual Studio Version 16
VisualStudioVersion = 25.0.1706.14
MinimumVisualStudioVersion = 10.0.40219.1
Project("{FAE04EC0-301F-11D3-BF4B-00C04F79EFBC}") = "ExerciseOne", "ExerciseOne\ExerciseOne.csproj", "{74523967-A999-438D-BDAB-33CBDF2D6380}"
EndProject
Global
	GlobalSection(SolutionConfigurationPlatforms) = preSolution
		Debug|Any CPU = Debug|Any CPU
		Release|Any CPU = Release|Any CPU
	EndGlobalSection
	GlobalSection(ProjectConfigurationPlatforms) = postSolution
		{74523967-A999-438D-BDAB-33CBDF2D6380}.Debug|Any CPU.ActiveCfg = Debug|Any CPU
		{74523967-A999-438D-BDAB-33CBDF2D6380}.Debug|Any CPU.Build.0 = Debug|Any CPU
		{74523967-A999-438D-BDAB-33CBDF2D6380}.Release|Any CPU.ActiveCfg = Release|Any CPU
		{74523967-A999-438D-BDAB-33CBDF2D6380}.Release|Any CPU.Build.0 = Release|Any CPU
	EndGlobalSection
	GlobalSection(SolutionProperties) = preSolution
		HideSolutionNode = FALSE
	EndGlobalSection
	GlobalSection(ExtensibilityGlobals) = postSolution
		SolutionGuid = {DD256A07-6FB6-4FE9-9085-99C39BB173C7}
	EndGlobalSection
EndGlobal
